
Microsoft Visual Studio Solution File, Format Version 12.00
# Visual Studio Version 17
VisualStudioVersion = 17.2.32630.192
MinimumVisualStudioVersion = 10.0.40219.1
Project("{FAE04EC0-301F-11D3-BF4B-00C04F79EFBC}") = "MVCUserRoleManager", "MVCUserRoleManager\MVCUserRoleManager.csproj", "{5D6A255C-7A09-44D8-9208-2A347788E3A7}"
EndProject
Global
	GlobalSection(SolutionConfigurationPlatforms) = preSolution
		Debug|Any CPU = Debug|Any CPU
		Release|Any CPU = Release|Any CPU
	EndGlobalSection
	GlobalSection(ProjectConfigurationPlatforms) = postSolution
		{5D6A255C-7A09-44D8-9208-2A347788E3A7}.Debug|Any CPU.ActiveCfg = Debug|Any CPU
		{5D6A255C-7A09-44D8-9208-2A347788E3A7}.Debug|Any CPU.Build.0 = Debug|Any CPU
		{5D6A255C-7A09-44D8-9208-2A347788E3A7}.Release|Any CPU.ActiveCfg = Release|Any CPU
		{5D6A255C-7A09-44D8-9208-2A347788E3A7}.Release|Any CPU.Build.0 = Release|Any CPU
	EndGlobalSection
	GlobalSection(SolutionProperties) = preSolution
		HideSolutionNode = FALSE
	EndGlobalSection
	GlobalSection(ExtensibilityGlobals) = postSolution
		SolutionGuid = {E15039FE-F82D-4FEE-B5BF-342E4E895B1F}
	EndGlobalSection
EndGlobal
